
Microsoft Visual Studio Solution File, Format Version 12.00
# Visual Studio 15
VisualStudioVersion = 15.0.28307.1738
MinimumVisualStudioVersion = 10.0.40219.1
Project("{FAE04EC0-301F-11D3-BF4B-00C04F79EFBC}") = "genChkReport", "genChkReport\genChkReport.csproj", "{7BE865E7-0886-48AD-8E4B-1F76A768F11B}"
	ProjectSection(ProjectDependencies) = postProject
		{CCE6C65D-F2FD-4411-ADCC-985F2E414E30} = {CCE6C65D-F2FD-4411-ADCC-985F2E414E30}
	EndProjectSection
EndProject
Project("{FAE04EC0-301F-11D3-BF4B-00C04F79EFBC}") = "libUtils", "..\MyWinLibs\libUtils\libUtils.csproj", "{CCE6C65D-F2FD-4411-ADCC-985F2E414E30}"
EndProject
Global
	GlobalSection(SolutionConfigurationPlatforms) = preSolution
		Debug|Any CPU = Debug|Any CPU
		Debug|x64 = Debug|x64
		Release|Any CPU = Release|Any CPU
		Release|x64 = Release|x64
	EndGlobalSection
	GlobalSection(ProjectConfigurationPlatforms) = postSolution
		{7BE865E7-0886-48AD-8E4B-1F76A768F11B}.Debug|Any CPU.ActiveCfg = Debug|Any CPU
		{7BE865E7-0886-48AD-8E4B-1F76A768F11B}.Debug|Any CPU.Build.0 = Debug|Any CPU
		{7BE865E7-0886-48AD-8E4B-1F76A768F11B}.Debug|x64.ActiveCfg = Debug|x64
		{7BE865E7-0886-48AD-8E4B-1F76A768F11B}.Debug|x64.Build.0 = Debug|x64
		{7BE865E7-0886-48AD-8E4B-1F76A768F11B}.Release|Any CPU.ActiveCfg = Release|Any CPU
		{7BE865E7-0886-48AD-8E4B-1F76A768F11B}.Release|Any CPU.Build.0 = Release|Any CPU
		{7BE865E7-0886-48AD-8E4B-1F76A768F11B}.Release|x64.ActiveCfg = Release|x64
		{7BE865E7-0886-48AD-8E4B-1F76A768F11B}.Release|x64.Build.0 = Release|x64
		{CCE6C65D-F2FD-4411-ADCC-985F2E414E30}.Debug|Any CPU.ActiveCfg = Debug|Any CPU
		{CCE6C65D-F2FD-4411-ADCC-985F2E414E30}.Debug|Any CPU.Build.0 = Debug|Any CPU
		{CCE6C65D-F2FD-4411-ADCC-985F2E414E30}.Debug|x64.ActiveCfg = Debug|x64
		{CCE6C65D-F2FD-4411-ADCC-985F2E414E30}.Debug|x64.Build.0 = Debug|x64
		{CCE6C65D-F2FD-4411-ADCC-985F2E414E30}.Release|Any CPU.ActiveCfg = Release|Any CPU
		{CCE6C65D-F2FD-4411-ADCC-985F2E414E30}.Release|Any CPU.Build.0 = Release|Any CPU
		{CCE6C65D-F2FD-4411-ADCC-985F2E414E30}.Release|x64.ActiveCfg = Release|x64
		{CCE6C65D-F2FD-4411-ADCC-985F2E414E30}.Release|x64.Build.0 = Release|x64
	EndGlobalSection
	GlobalSection(SolutionProperties) = preSolution
		HideSolutionNode = FALSE
	EndGlobalSection
	GlobalSection(ExtensibilityGlobals) = postSolution
		SolutionGuid = {280420AE-BBB4-4B68-92E4-BE619241078F}
	EndGlobalSection
EndGlobal
